
Microsoft Visual Studio Solution File, Format Version 12.00
# Visual Studio Version 17
VisualStudioVersion = 17.3.32819.101
MinimumVisualStudioVersion = 10.0.40219.1
Project("{FAE04EC0-301F-11D3-BF4B-00C04F79EFBC}") = "Core", "Core.csproj", "{1ECB3119-DE4F-4606-9D65-FA5B080BD94F}"
EndProject
Global
	GlobalSection(SolutionConfigurationPlatforms) = preSolution
		Debug|Any CPU = Debug|Any CPU
		Release|Any CPU = Release|Any CPU
	EndGlobalSection
	GlobalSection(ProjectConfigurationPlatforms) = postSolution
		{1ECB3119-DE4F-4606-9D65-FA5B080BD94F}.Debug|Any CPU.ActiveCfg = Debug|Any CPU
		{1ECB3119-DE4F-4606-9D65-FA5B080BD94F}.Debug|Any CPU.Build.0 = Debug|Any CPU
		{1ECB3119-DE4F-4606-9D65-FA5B080BD94F}.Release|Any CPU.ActiveCfg = Release|Any CPU
		{1ECB3119-DE4F-4606-9D65-FA5B080BD94F}.Release|Any CPU.Build.0 = Release|Any CPU
	EndGlobalSection
	GlobalSection(SolutionProperties) = preSolution
		HideSolutionNode = FALSE
	EndGlobalSection
	GlobalSection(ExtensibilityGlobals) = postSolution
		SolutionGuid = {B879970C-E739-4CB9-A291-020DD1C74AFD}
	EndGlobalSection
EndGlobal
